
Microsoft Visual Studio Solution File, Format Version 12.00
# Visual Studio Version 17
VisualStudioVersion = 17.9.34728.123
MinimumVisualStudioVersion = 10.0.40219.1
Project("{FAE04EC0-301F-11D3-BF4B-00C04F79EFBC}") = "ArrayAndList", "ArrayAndList\ArrayAndList.csproj", "{D908023A-65B0-40F7-917C-386B40505787}"
EndProject
Project("{FAE04EC0-301F-11D3-BF4B-00C04F79EFBC}") = "Generics", "Generics\Generics.csproj", "{94574B18-51A8-4884-90C3-DA8AAD0E5985}"
EndProject
Project("{FAE04EC0-301F-11D3-BF4B-00C04F79EFBC}") = "DelegatePractice", "DelegatePractice\DelegatePractice.csproj", "{B8654536-A277-4AD4-B934-BF0DAEF5A3CD}"
EndProject
Global
	GlobalSection(SolutionConfigurationPlatforms) = preSolution
		Debug|Any CPU = Debug|Any CPU
		Release|Any CPU = Release|Any CPU
	EndGlobalSection
	GlobalSection(ProjectConfigurationPlatforms) = postSolution
		{D908023A-65B0-40F7-917C-386B40505787}.Debug|Any CPU.ActiveCfg = Debug|Any CPU
		{D908023A-65B0-40F7-917C-386B40505787}.Debug|Any CPU.Build.0 = Debug|Any CPU
		{D908023A-65B0-40F7-917C-386B40505787}.Release|Any CPU.ActiveCfg = Release|Any CPU
		{D908023A-65B0-40F7-917C-386B40505787}.Release|Any CPU.Build.0 = Release|Any CPU
		{94574B18-51A8-4884-90C3-DA8AAD0E5985}.Debug|Any CPU.ActiveCfg = Debug|Any CPU
		{94574B18-51A8-4884-90C3-DA8AAD0E5985}.Debug|Any CPU.Build.0 = Debug|Any CPU
		{94574B18-51A8-4884-90C3-DA8AAD0E5985}.Release|Any CPU.ActiveCfg = Release|Any CPU
		{94574B18-51A8-4884-90C3-DA8AAD0E5985}.Release|Any CPU.Build.0 = Release|Any CPU
		{B8654536-A277-4AD4-B934-BF0DAEF5A3CD}.Debug|Any CPU.ActiveCfg = Debug|Any CPU
		{B8654536-A277-4AD4-B934-BF0DAEF5A3CD}.Debug|Any CPU.Build.0 = Debug|Any CPU
		{B8654536-A277-4AD4-B934-BF0DAEF5A3CD}.Release|Any CPU.ActiveCfg = Release|Any CPU
		{B8654536-A277-4AD4-B934-BF0DAEF5A3CD}.Release|Any CPU.Build.0 = Release|Any CPU
	EndGlobalSection
	GlobalSection(SolutionProperties) = preSolution
		HideSolutionNode = FALSE
	EndGlobalSection
	GlobalSection(ExtensibilityGlobals) = postSolution
		SolutionGuid = {CF879CB4-8B75-4B8B-8D7D-EB1FDF70F6C2}
	EndGlobalSection
EndGlobal
